<?xml version="1.0" encoding="utf-8"?>
<Project ToolsVersion="4.0" xmlns="http://schemas.microsoft.com/developer/msbuild/2003">
  <ItemGroup>
    <Filter Include="Source Files">
      <UniqueIdentifier>{4FC737F1-C7A5-4376-A066-2A32D752A2FF}</UniqueIdentifier>
      <Extensions>cpp;c;cc;cxx;c++;def;odl;idl;hpj;bat;asm;asmx</Extensions>
    </Filter>
    <Filter Include="examples">
      <UniqueIdentifier>{1518ff04-d853-4200-b40e-8d92f3c2ce0a}</UniqueIdentifier>
    </Filter>
    <Filter Include="docker_linux">
      <UniqueIdentifier>{d7d07511-1897-42e0-a1ce-d07f3c9447e1}</UniqueIdentifier>
    </Filter>
    <Filter Include="build">
      <UniqueIdentifier>{c02ba723-9ac8-41d6-978c-d90536fbd1d9}</UniqueIdentifier>
    </Filter>
    <Filter Include="script">
      <UniqueIdentifier>{d334afca-8006-4391-88d6-aac5477d9a77}</UniqueIdentifier>
    </Filter>
  </ItemGroup>
  <ItemGroup>
    <None Include="..\examples\producer.q">
      <Filter>examples</Filter>
    </None>
    <None Include="..\examples\receiver.q">
      <Filter>examples</Filter>
    </None>
    <None Include="..\docker_linux\Dockerfile.build">
      <Filter>docker_linux</Filter>
    </None>
    <None Include="..\docker_linux\mqtt_build.bat">
      <Filter>docker_linux</Filter>
    </None>
    <None Include="..\docker_linux\mqtt_build.sh">
      <Filter>docker_linux</Filter>
    </None>
    <None Include="..\build\build.bat">
      <Filter>build</Filter>
    </None>
    <None Include="..\makefile" />
    <None Include="..\README.md" />
    <None Include="mqtt_install.bat" />
    <None Include="..\examples\symlink_paho.bat">
      <Filter>examples</Filter>
    </None>
    <None Include="..\script\mqtt.q">
      <Filter>script</Filter>
    </None>
  </ItemGroup>
  <ItemGroup>
    <ClCompile Include="..\src\mqtt.c">
      <Filter>Source Files</Filter>
    </ClCompile>
  </ItemGroup>
</Project>